
Microsoft Visual Studio Solution File, Format Version 12.00
Project("{FAE04EC0-301F-11D3-BF4B-00C04F79EFBC}") = "seesv", "seesv\seesv.csproj", "{30D3C7E8-1042-4F66-8F75-5BABCF8AE472}"
EndProject
Global
	GlobalSection(SolutionConfigurationPlatforms) = preSolution
		Debug|Any CPU = Debug|Any CPU
		Release|Any CPU = Release|Any CPU
	EndGlobalSection
	GlobalSection(ProjectConfigurationPlatforms) = postSolution
		{30D3C7E8-1042-4F66-8F75-5BABCF8AE472}.Debug|Any CPU.ActiveCfg = Debug|Any CPU
		{30D3C7E8-1042-4F66-8F75-5BABCF8AE472}.Debug|Any CPU.Build.0 = Debug|Any CPU
		{30D3C7E8-1042-4F66-8F75-5BABCF8AE472}.Release|Any CPU.ActiveCfg = Release|Any CPU
		{30D3C7E8-1042-4F66-8F75-5BABCF8AE472}.Release|Any CPU.Build.0 = Release|Any CPU
	EndGlobalSection
EndGlobal
